{
  "nodes": {
    "dwm": {
      "inputs": {
        "nixpkgs": "nixpkgs"
      },
      "locked": {
        "lastModified": 1716051697,
        "narHash": "sha256-x5mUgoPmSwMbpoBqxm5wOZOYjk42J4x5C3dUA1dYdt4=",
        "owner": "naman2003now",
        "repo": "dwm-config",
        "rev": "668bba03a3dff9d4856c10762ad44f45f51a7b0a",
        "type": "github"
      },
      "original": {
        "owner": "naman2003now",
        "repo": "dwm-config",
        "type": "github"
      }
    },
    "home-manager": {
      "inputs": {
        "nixpkgs": [
          "nixpkgs"
        ]
      },
      "locked": {
        "lastModified": 1717527182,
        "narHash": "sha256-vWSkg6AMok1UUQiSYVdGMOXKD2cDFnajITiSi0Zjd1A=",
        "owner": "nix-community",
        "repo": "home-manager",
        "rev": "845a5c4c073f74105022533907703441e0464bc3",
        "type": "github"
      },
      "original": {
        "owner": "nix-community",
        "ref": "release-24.05",
        "repo": "home-manager",
        "type": "github"
      }
    },
    "myecho": {
      "inputs": {
        "nixpkgs": "nixpkgs_2"
      },
      "locked": {
        "lastModified": 1713459578,
        "narHash": "sha256-W0J33lolxH9gpQZZ/mtdS5AEmLhtfls6GVux869me7c=",
        "owner": "naman2003now",
        "repo": "myecho",
        "rev": "1cbd4a6c2f3924ea9ee4d73fbaf7efb3d2cb93b1",
        "type": "github"
      },
      "original": {
        "owner": "naman2003now",
        "repo": "myecho",
        "type": "github"
      }
    },
    "nixpkgs": {
      "locked": {
        "lastModified": 1715948915,
        "narHash": "sha256-dxMrggEogQuJQr6f02VAFtsSNtjEPkgxczeiyW7WOQc=",
        "owner": "NixOS",
        "repo": "nixpkgs",
        "rev": "bacb8503d3a51d9e9b52e52a1ba45e2c380ad07d",
        "type": "github"
      },
      "original": {
        "owner": "NixOS",
        "ref": "nixos-23.11",
        "repo": "nixpkgs",
        "type": "github"
      }
    },
    "nixpkgs-fork": {
      "locked": {
        "lastModified": 1719400936,
        "narHash": "sha256-hfrLclXLwJUtRiphA//AowIGMNK78FwZxsqzS/77IxA=",
        "owner": "naman2003now",
        "repo": "nixpkgs",
        "rev": "e969cd4df45b75cfa709ed4e9f15799e424da4a9",
        "type": "github"
      },
      "original": {
        "owner": "naman2003now",
        "ref": "master",
        "repo": "nixpkgs",
        "type": "github"
      }
    },
    "nixpkgs-unstable": {
      "locked": {
        "lastModified": 1715961556,
        "narHash": "sha256-+NpbZRCRisUHKQJZF3CT+xn14ZZQO+KjxIIanH3Pvn4=",
        "owner": "nixos",
        "repo": "nixpkgs",
        "rev": "4a6b83b05df1a8bd7d99095ec4b4d271f2956b64",
        "type": "github"
      },
      "original": {
        "owner": "nixos",
        "ref": "nixos-unstable",
        "repo": "nixpkgs",
        "type": "github"
      }
    },
    "nixpkgs_2": {
      "locked": {
        "lastModified": 1713145326,
        "narHash": "sha256-m7+IWM6mkWOg22EC5kRUFCycXsXLSU7hWmHdmBfmC3s=",
        "owner": "NixOS",
        "repo": "nixpkgs",
        "rev": "53a2c32bc66f5ae41a28d7a9a49d321172af621e",
        "type": "github"
      },
      "original": {
        "owner": "NixOS",
        "ref": "nixos-23.11",
        "repo": "nixpkgs",
        "type": "github"
      }
    },
    "nixpkgs_3": {
      "locked": {
        "lastModified": 1717555607,
        "narHash": "sha256-WZ1s48OODmRJ3DHC+I/DtM3tDRuRJlNqMvxvAPTD7ec=",
        "owner": "nixos",
        "repo": "nixpkgs",
        "rev": "0b8e7a1ae5a94da2e1ee3f3030a32020f6254105",
        "type": "github"
      },
      "original": {
        "owner": "nixos",
        "ref": "nixos-24.05",
        "repo": "nixpkgs",
        "type": "github"
      }
    },
    "root": {
      "inputs": {
        "dwm": "dwm",
        "home-manager": "home-manager",
        "myecho": "myecho",
        "nixpkgs": "nixpkgs_3",
        "nixpkgs-fork": "nixpkgs-fork",
        "nixpkgs-unstable": "nixpkgs-unstable"
      }
    }
  },
  "root": "root",
  "version": 7
}
