{
  "nodes": {
    "home-manager": {
      "inputs": {
        "nixpkgs": [
          "nixpkgs"
        ]
      },
      "locked": {
        "lastModified": 1714043624,
        "narHash": "sha256-Xn2r0Jv95TswvPlvamCC46wwNo8ALjRCMBJbGykdhcM=",
        "owner": "nix-community",
        "repo": "home-manager",
        "rev": "86853e31dc1b62c6eeed11c667e8cdd0285d4411",
        "type": "github"
      },
      "original": {
        "owner": "nix-community",
        "ref": "release-23.11",
        "repo": "home-manager",
        "type": "github"
      }
    },
    "myecho": {
      "inputs": {
        "nixpkgs": "nixpkgs"
      },
      "locked": {
        "lastModified": 1713459578,
        "narHash": "sha256-W0J33lolxH9gpQZZ/mtdS5AEmLhtfls6GVux869me7c=",
        "owner": "naman2003now",
        "repo": "myecho",
        "rev": "1cbd4a6c2f3924ea9ee4d73fbaf7efb3d2cb93b1",
        "type": "github"
      },
      "original": {
        "owner": "naman2003now",
        "repo": "myecho",
        "type": "github"
      }
    },
    "nixpkgs": {
      "locked": {
        "lastModified": 1713145326,
        "narHash": "sha256-m7+IWM6mkWOg22EC5kRUFCycXsXLSU7hWmHdmBfmC3s=",
        "owner": "NixOS",
        "repo": "nixpkgs",
        "rev": "53a2c32bc66f5ae41a28d7a9a49d321172af621e",
        "type": "github"
      },
      "original": {
        "owner": "NixOS",
        "ref": "nixos-23.11",
        "repo": "nixpkgs",
        "type": "github"
      }
    },
    "nixpkgs-unstable": {
      "locked": {
        "lastModified": 1714253743,
        "narHash": "sha256-mdTQw2XlariysyScCv2tTE45QSU9v/ezLcHJ22f0Nxc=",
        "owner": "nixos",
        "repo": "nixpkgs",
        "rev": "58a1abdbae3217ca6b702f03d3b35125d88a2994",
        "type": "github"
      },
      "original": {
        "owner": "nixos",
        "ref": "nixos-unstable",
        "repo": "nixpkgs",
        "type": "github"
      }
    },
    "nixpkgs_2": {
      "locked": {
        "lastModified": 1714272655,
        "narHash": "sha256-3/ghIWCve93ngkx5eNPdHIKJP/pMzSr5Wc4rNKE1wOc=",
        "owner": "nixos",
        "repo": "nixpkgs",
        "rev": "12430e43bd9b81a6b4e79e64f87c624ade701eaf",
        "type": "github"
      },
      "original": {
        "owner": "nixos",
        "ref": "nixos-23.11",
        "repo": "nixpkgs",
        "type": "github"
      }
    },
    "root": {
      "inputs": {
        "home-manager": "home-manager",
        "myecho": "myecho",
        "nixpkgs": "nixpkgs_2",
        "nixpkgs-unstable": "nixpkgs-unstable"
      }
    }
  },
  "root": "root",
  "version": 7
}
